{
  "name": "objetos y date",
  "lockfileVersion": 2,
  "type": "module",
  "requires": true,
  "packages": {
    "": {
      "dependencies": {
        "@formkit/tempo": "^0.0.10"
      }
    },
    "node_modules/@formkit/tempo": {
      "version": "0.0.10",
      "resolved": "https://registry.npmjs.org/@formkit/tempo/-/tempo-0.0.10.tgz",
      "integrity": "sha512-eN5IBf2GAqHKjT2R5pnyRnpBi/1URWho5kjqUOBeLbXHmbYtKnKDGD1RIgXRMEMhr2HLP9HcWLkXSanIV2uyOA=="
    }
  },
  "dependencies": {
    "@formkit/tempo": {
      "version": "0.0.10",
      "resolved": "https://registry.npmjs.org/@formkit/tempo/-/tempo-0.0.10.tgz",
      "integrity": "sha512-eN5IBf2GAqHKjT2R5pnyRnpBi/1URWho5kjqUOBeLbXHmbYtKnKDGD1RIgXRMEMhr2HLP9HcWLkXSanIV2uyOA=="
    }
  }
}
